
Microsoft Visual Studio Solution File, Format Version 12.00
# Visual Studio 2013
VisualStudioVersion = 12.0.21005.1
MinimumVisualStudioVersion = 10.0.40219.1
Project("{159641D6-6404-4A2A-AE62-294DE0FE8301}") = "Garmin GPX to SQLServer", "Garmin GPX to SQLServer\Garmin GPX to SQLServer.dtproj", "{F40E627C-BEBE-40FA-A042-52E7E8B8ED78}"
EndProject
Global
	GlobalSection(SolutionConfigurationPlatforms) = preSolution
		Development|Default = Development|Default
	EndGlobalSection
	GlobalSection(ProjectConfigurationPlatforms) = postSolution
		{F40E627C-BEBE-40FA-A042-52E7E8B8ED78}.Development|Default.ActiveCfg = Development
		{F40E627C-BEBE-40FA-A042-52E7E8B8ED78}.Development|Default.Build.0 = Development
	EndGlobalSection
	GlobalSection(SolutionProperties) = preSolution
		HideSolutionNode = FALSE
	EndGlobalSection
EndGlobal
